
Microsoft Visual Studio Solution File, Format Version 12.00
# Visual Studio Version 16
VisualStudioVersion = 16.0.30711.63
MinimumVisualStudioVersion = 10.0.40219.1
Project("{FAE04EC0-301F-11D3-BF4B-00C04F79EFBC}") = "Portfolio", "Portfolio\Portfolio.csproj", "{AD5DEA3C-708A-4C68-85DC-360A1607EB7C}"
EndProject
Global
	GlobalSection(SolutionConfigurationPlatforms) = preSolution
		Debug|Any CPU = Debug|Any CPU
		Release|Any CPU = Release|Any CPU
	EndGlobalSection
	GlobalSection(ProjectConfigurationPlatforms) = postSolution
		{AD5DEA3C-708A-4C68-85DC-360A1607EB7C}.Debug|Any CPU.ActiveCfg = Debug|Any CPU
		{AD5DEA3C-708A-4C68-85DC-360A1607EB7C}.Debug|Any CPU.Build.0 = Debug|Any CPU
		{AD5DEA3C-708A-4C68-85DC-360A1607EB7C}.Release|Any CPU.ActiveCfg = Release|Any CPU
		{AD5DEA3C-708A-4C68-85DC-360A1607EB7C}.Release|Any CPU.Build.0 = Release|Any CPU
	EndGlobalSection
	GlobalSection(SolutionProperties) = preSolution
		HideSolutionNode = FALSE
	EndGlobalSection
	GlobalSection(ExtensibilityGlobals) = postSolution
		SolutionGuid = {E64D5954-7366-4F21-819C-E2FA4127053D}
	EndGlobalSection
EndGlobal
